
Microsoft Visual Studio Solution File, Format Version 12.00
# Visual Studio Version 16
VisualStudioVersion = 16.0.30611.23
MinimumVisualStudioVersion = 10.0.40219.1
Project("{2150E333-8FDC-42A3-9474-1A3956D46DE8}") = "Domain", "Domain", "{60321AFD-2156-4B53-AC0A-C61BA2C09385}"
EndProject
Project("{2150E333-8FDC-42A3-9474-1A3956D46DE8}") = "Microservices", "Microservices", "{3F4E2E47-E15C-48D4-BC57-D1427A5B79D1}"
EndProject
Project("{2150E333-8FDC-42A3-9474-1A3956D46DE8}") = "Infra.Bus", "Infra.Bus", "{5A518717-8F54-4B1C-A8B4-13D879D957ED}"
EndProject
Project("{2150E333-8FDC-42A3-9474-1A3956D46DE8}") = "Infra.IoC", "Infra.IoC", "{76E604DB-1EF9-405F-812C-8C28D6A847AB}"
EndProject
Project("{2150E333-8FDC-42A3-9474-1A3956D46DE8}") = "Presentation", "Presentation", "{151F9534-D676-449B-BF0C-FAB3228A717D}"
EndProject
Project("{FAE04EC0-301F-11D3-BF4B-00C04F79EFBC}") = "MicroRabbit.Domain.Core", "MicroRabbit.Domain.Core\MicroRabbit.Domain.Core.csproj", "{11A1BD66-E25F-46BC-BCBD-63DA070B9AF2}"
EndProject
Project("{FAE04EC0-301F-11D3-BF4B-00C04F79EFBC}") = "MicroRabbit.Infra.Bus", "MicroRabbit.Infra.Bus\MicroRabbit.Infra.Bus.csproj", "{D41A5B29-4E21-4232-BCBF-C5237DC4D142}"
EndProject
Project("{FAE04EC0-301F-11D3-BF4B-00C04F79EFBC}") = "MicroRabbit.Infra.IoC", "MicroRabbit.Infra.IoC\MicroRabbit.Infra.IoC.csproj", "{F04C2BDC-4AAE-4EE8-BE2A-4B7510A8EAF9}"
EndProject
Project("{2150E333-8FDC-42A3-9474-1A3956D46DE8}") = "Banking", "Banking", "{1DC6A9A3-0605-4055-AF18-B17009A2446F}"
EndProject
Project("{2150E333-8FDC-42A3-9474-1A3956D46DE8}") = "API", "API", "{99AA6362-71BB-472F-89EB-DFA58D9DC5A4}"
EndProject
Project("{2150E333-8FDC-42A3-9474-1A3956D46DE8}") = "Domain", "Domain", "{9D71C43C-DB4A-4D42-AE1C-0062CC19DD56}"
EndProject
Project("{2150E333-8FDC-42A3-9474-1A3956D46DE8}") = "Application", "Application", "{090504CA-2F14-4431-A21D-05ADF717E776}"
EndProject
Project("{2150E333-8FDC-42A3-9474-1A3956D46DE8}") = "Data", "Data", "{63571565-0A69-485A-A4E6-5184DF047C5E}"
EndProject
Project("{FAE04EC0-301F-11D3-BF4B-00C04F79EFBC}") = "MicroRabbit.Baking.API", "MicroRabbit.Baking.API\MicroRabbit.Baking.API.csproj", "{8BD607FE-5767-4CAF-B8CA-4D744AED4DB8}"
EndProject
Project("{FAE04EC0-301F-11D3-BF4B-00C04F79EFBC}") = "MicroRabbit.Banking.Application", "MicroRabbit.Banking.Application\MicroRabbit.Banking.Application.csproj", "{B076F08E-CC5C-47DD-BE6C-452F4D1A4260}"
EndProject
Project("{FAE04EC0-301F-11D3-BF4B-00C04F79EFBC}") = "MicroRabbit.Banking.Data", "MicroRabbit.Banking.Data\MicroRabbit.Banking.Data.csproj", "{5BE25357-5498-447A-951A-F5CE2BE3178E}"
EndProject
Project("{FAE04EC0-301F-11D3-BF4B-00C04F79EFBC}") = "MicroRabbit.Banking.Domain", "MicroRabbit.Banking.Domain\MicroRabbit.Banking.Domain.csproj", "{7DA9914C-FF51-4272-B234-92A119FA7B35}"
EndProject
Global
	GlobalSection(SolutionConfigurationPlatforms) = preSolution
		Debug|Any CPU = Debug|Any CPU
		Release|Any CPU = Release|Any CPU
	EndGlobalSection
	GlobalSection(ProjectConfigurationPlatforms) = postSolution
		{11A1BD66-E25F-46BC-BCBD-63DA070B9AF2}.Debug|Any CPU.ActiveCfg = Debug|Any CPU
		{11A1BD66-E25F-46BC-BCBD-63DA070B9AF2}.Debug|Any CPU.Build.0 = Debug|Any CPU
		{11A1BD66-E25F-46BC-BCBD-63DA070B9AF2}.Release|Any CPU.ActiveCfg = Release|Any CPU
		{11A1BD66-E25F-46BC-BCBD-63DA070B9AF2}.Release|Any CPU.Build.0 = Release|Any CPU
		{D41A5B29-4E21-4232-BCBF-C5237DC4D142}.Debug|Any CPU.ActiveCfg = Debug|Any CPU
		{D41A5B29-4E21-4232-BCBF-C5237DC4D142}.Debug|Any CPU.Build.0 = Debug|Any CPU
		{D41A5B29-4E21-4232-BCBF-C5237DC4D142}.Release|Any CPU.ActiveCfg = Release|Any CPU
		{D41A5B29-4E21-4232-BCBF-C5237DC4D142}.Release|Any CPU.Build.0 = Release|Any CPU
		{F04C2BDC-4AAE-4EE8-BE2A-4B7510A8EAF9}.Debug|Any CPU.ActiveCfg = Debug|Any CPU
		{F04C2BDC-4AAE-4EE8-BE2A-4B7510A8EAF9}.Debug|Any CPU.Build.0 = Debug|Any CPU
		{F04C2BDC-4AAE-4EE8-BE2A-4B7510A8EAF9}.Release|Any CPU.ActiveCfg = Release|Any CPU
		{F04C2BDC-4AAE-4EE8-BE2A-4B7510A8EAF9}.Release|Any CPU.Build.0 = Release|Any CPU
		{8BD607FE-5767-4CAF-B8CA-4D744AED4DB8}.Debug|Any CPU.ActiveCfg = Debug|Any CPU
		{8BD607FE-5767-4CAF-B8CA-4D744AED4DB8}.Debug|Any CPU.Build.0 = Debug|Any CPU
		{8BD607FE-5767-4CAF-B8CA-4D744AED4DB8}.Release|Any CPU.ActiveCfg = Release|Any CPU
		{8BD607FE-5767-4CAF-B8CA-4D744AED4DB8}.Release|Any CPU.Build.0 = Release|Any CPU
		{B076F08E-CC5C-47DD-BE6C-452F4D1A4260}.Debug|Any CPU.ActiveCfg = Debug|Any CPU
		{B076F08E-CC5C-47DD-BE6C-452F4D1A4260}.Debug|Any CPU.Build.0 = Debug|Any CPU
		{B076F08E-CC5C-47DD-BE6C-452F4D1A4260}.Release|Any CPU.ActiveCfg = Release|Any CPU
		{B076F08E-CC5C-47DD-BE6C-452F4D1A4260}.Release|Any CPU.Build.0 = Release|Any CPU
		{5BE25357-5498-447A-951A-F5CE2BE3178E}.Debug|Any CPU.ActiveCfg = Debug|Any CPU
		{5BE25357-5498-447A-951A-F5CE2BE3178E}.Debug|Any CPU.Build.0 = Debug|Any CPU
		{5BE25357-5498-447A-951A-F5CE2BE3178E}.Release|Any CPU.ActiveCfg = Release|Any CPU
		{5BE25357-5498-447A-951A-F5CE2BE3178E}.Release|Any CPU.Build.0 = Release|Any CPU
		{7DA9914C-FF51-4272-B234-92A119FA7B35}.Debug|Any CPU.ActiveCfg = Debug|Any CPU
		{7DA9914C-FF51-4272-B234-92A119FA7B35}.Debug|Any CPU.Build.0 = Debug|Any CPU
		{7DA9914C-FF51-4272-B234-92A119FA7B35}.Release|Any CPU.ActiveCfg = Release|Any CPU
		{7DA9914C-FF51-4272-B234-92A119FA7B35}.Release|Any CPU.Build.0 = Release|Any CPU
	EndGlobalSection
	GlobalSection(SolutionProperties) = preSolution
		HideSolutionNode = FALSE
	EndGlobalSection
	GlobalSection(NestedProjects) = preSolution
		{11A1BD66-E25F-46BC-BCBD-63DA070B9AF2} = {60321AFD-2156-4B53-AC0A-C61BA2C09385}
		{D41A5B29-4E21-4232-BCBF-C5237DC4D142} = {5A518717-8F54-4B1C-A8B4-13D879D957ED}
		{F04C2BDC-4AAE-4EE8-BE2A-4B7510A8EAF9} = {76E604DB-1EF9-405F-812C-8C28D6A847AB}
		{1DC6A9A3-0605-4055-AF18-B17009A2446F} = {3F4E2E47-E15C-48D4-BC57-D1427A5B79D1}
		{99AA6362-71BB-472F-89EB-DFA58D9DC5A4} = {1DC6A9A3-0605-4055-AF18-B17009A2446F}
		{9D71C43C-DB4A-4D42-AE1C-0062CC19DD56} = {1DC6A9A3-0605-4055-AF18-B17009A2446F}
		{090504CA-2F14-4431-A21D-05ADF717E776} = {1DC6A9A3-0605-4055-AF18-B17009A2446F}
		{63571565-0A69-485A-A4E6-5184DF047C5E} = {1DC6A9A3-0605-4055-AF18-B17009A2446F}
		{8BD607FE-5767-4CAF-B8CA-4D744AED4DB8} = {99AA6362-71BB-472F-89EB-DFA58D9DC5A4}
		{B076F08E-CC5C-47DD-BE6C-452F4D1A4260} = {090504CA-2F14-4431-A21D-05ADF717E776}
		{5BE25357-5498-447A-951A-F5CE2BE3178E} = {63571565-0A69-485A-A4E6-5184DF047C5E}
		{7DA9914C-FF51-4272-B234-92A119FA7B35} = {9D71C43C-DB4A-4D42-AE1C-0062CC19DD56}
	EndGlobalSection
	GlobalSection(ExtensibilityGlobals) = postSolution
		SolutionGuid = {AA6D06F3-3603-4B51-AB18-C9FC128CD0FF}
	EndGlobalSection
EndGlobal
